
Microsoft Visual Studio Solution File, Format Version 12.00
# Visual Studio 2012
Project("{FAE04EC0-301F-11D3-BF4B-00C04F79EFBC}") = "SoapXmlMessages", "SoapXmlMessages\SoapXmlMessages.csproj", "{7E81AB5F-5852-4C81-A37F-0523FE3D3E86}"
EndProject
Global
	GlobalSection(SolutionConfigurationPlatforms) = preSolution
		Debug|x86 = Debug|x86
		Release|x86 = Release|x86
	EndGlobalSection
	GlobalSection(ProjectConfigurationPlatforms) = postSolution
		{7E81AB5F-5852-4C81-A37F-0523FE3D3E86}.Debug|x86.ActiveCfg = Debug|x86
		{7E81AB5F-5852-4C81-A37F-0523FE3D3E86}.Debug|x86.Build.0 = Debug|x86
		{7E81AB5F-5852-4C81-A37F-0523FE3D3E86}.Release|x86.ActiveCfg = Release|x86
		{7E81AB5F-5852-4C81-A37F-0523FE3D3E86}.Release|x86.Build.0 = Release|x86
	EndGlobalSection
	GlobalSection(MonoDevelopProperties) = preSolution
		StartupItem = SoapXmlMessages\SoapXmlMessages.csproj
		Policies = $0
		$0.TextStylePolicy = $1
		$1.FileWidth = 120
		$1.inheritsSet = VisualStudio
		$1.inheritsScope = text/plain
		$1.scope = text/plain
		$0.StandardHeader = $2
		$2.Text = 
		$2.IncludeInNewFiles = True
		$0.TextStylePolicy = $3
		$3.inheritsSet = null
		$3.scope = text/x-csharp
		$0.CSharpFormattingPolicy = $4
		$4.AfterDelegateDeclarationParameterComma = True
		$4.inheritsSet = Mono
		$4.inheritsScope = text/x-csharp
		$4.scope = text/x-csharp
	EndGlobalSection
EndGlobal
